
Microsoft Visual Studio Solution File, Format Version 12.00
Project("{FAE04EC0-301F-11D3-BF4B-00C04F79EFBC}") = "PersonWebAPI", "PersonWebAPI\PersonWebAPI.csproj", "{F663BEAC-D15A-4515-9B85-8AEE90E1148C}"
EndProject
Global
	GlobalSection(SolutionConfigurationPlatforms) = preSolution
		Debug|Any CPU = Debug|Any CPU
		Release|Any CPU = Release|Any CPU
	EndGlobalSection
	GlobalSection(ProjectConfigurationPlatforms) = postSolution
		{F663BEAC-D15A-4515-9B85-8AEE90E1148C}.Debug|Any CPU.ActiveCfg = Debug|Any CPU
		{F663BEAC-D15A-4515-9B85-8AEE90E1148C}.Debug|Any CPU.Build.0 = Debug|Any CPU
		{F663BEAC-D15A-4515-9B85-8AEE90E1148C}.Release|Any CPU.ActiveCfg = Release|Any CPU
		{F663BEAC-D15A-4515-9B85-8AEE90E1148C}.Release|Any CPU.Build.0 = Release|Any CPU
	EndGlobalSection
EndGlobal
